
Microsoft Visual Studio Solution File, Format Version 12.00
Project("{2150E333-8FDC-42A3-9474-1A3956D46DE8}") = ".root", ".root", "{68D77ADB-3C71-475E-B70C-ACB139FAD952}"
	ProjectSection(SolutionItems) = preProject
		.editorconfig = .editorconfig
		.gitignore = .gitignore
		README.md = README.md
		global.json = global.json
	EndProjectSection
EndProject
Project("{2150E333-8FDC-42A3-9474-1A3956D46DE8}") = "src", "src", "{370DF490-AA80-48D5-BBFB-C8FC81C626DA}"
EndProject
Project("{2150E333-8FDC-42A3-9474-1A3956D46DE8}") = "tests", "tests", "{D81C9A65-19B7-40A7-A8AE-4D59A1035647}"
EndProject
Project("{FAE04EC0-301F-11D3-BF4B-00C04F79EFBC}") = "DayOne", "src\DayOne\DayOne.csproj", "{DA23EBCC-F8AA-4176-8FFF-41A488EB9E55}"
EndProject
Project("{2150E333-8FDC-42A3-9474-1A3956D46DE8}") = "docs", "docs", "{40DF1A33-9995-49FA-970F-AE4991962E35}"
EndProject
Project("{2150E333-8FDC-42A3-9474-1A3956D46DE8}") = "benchmarks", "benchmarks", "{8E326F26-C854-4E51-A66B-140CAAA05417}"
EndProject
Project("{FAE04EC0-301F-11D3-BF4B-00C04F79EFBC}") = "DayOne.Tests.Benchmarks", "tests\benchmarks\DayOne.Tests.Benchmarks\DayOne.Tests.Benchmarks.csproj", "{A7F66047-A88B-4266-8BEC-523DC89705A6}"
EndProject
Project("{2150E333-8FDC-42A3-9474-1A3956D46DE8}") = "unit", "unit", "{2BA83DD6-C344-4E18-9B9D-D8022C06B42D}"
EndProject
Project("{FAE04EC0-301F-11D3-BF4B-00C04F79EFBC}") = "DayOne.Tests.Unit", "tests\unit\DayOne.Tests.Unit\DayOne.Tests.Unit.csproj", "{E61FCDCE-77EF-48C7-A2E1-A6F2A7EF9149}"
EndProject
Project("{FAE04EC0-301F-11D3-BF4B-00C04F79EFBC}") = "DayTwo", "src\DayTwo\DayTwo.csproj", "{D8E52494-32F8-4161-AC6F-5A08BE509636}"
EndProject
Project("{FAE04EC0-301F-11D3-BF4B-00C04F79EFBC}") = "DayTwo.Tests.Benchmarks", "tests\benchmarks\DayTwo.Tests.Benchmarks\DayTwo.Tests.Benchmarks.csproj", "{EED150BA-BE72-470A-9DE6-24C10A8311E8}"
EndProject
Project("{FAE04EC0-301F-11D3-BF4B-00C04F79EFBC}") = "DayTwo.Tests.Unit", "tests\unit\DayTwo.Tests.Unit\DayTwo.Tests.Unit.csproj", "{F4F16A4F-2C87-4F79-AB53-C59E75A210E8}"
EndProject
Project("{FAE04EC0-301F-11D3-BF4B-00C04F79EFBC}") = "DayThree", "src\DayThree\DayThree.csproj", "{CB80638E-2B95-49A7-8499-962128F60B7F}"
EndProject
Project("{FAE04EC0-301F-11D3-BF4B-00C04F79EFBC}") = "DayThree.Tests.Unit", "tests\unit\DayThree.Tests.Unit\DayThree.Tests.Unit.csproj", "{BF52FF7C-78A5-46F9-BCE6-23062844BF4E}"
EndProject
Project("{FAE04EC0-301F-11D3-BF4B-00C04F79EFBC}") = "DayThree.Tests.Benchmarks", "tests\benchmarks\DayThree.Tests.Benchmarks\DayThree.Tests.Benchmarks.csproj", "{68F7B535-3C5D-4229-9DB6-52CFA04B40C5}"
EndProject
Project("{FAE04EC0-301F-11D3-BF4B-00C04F79EFBC}") = "DayFour", "src\DayFour\DayFour.csproj", "{FE2ECADF-5EB3-4029-B9A4-F878A81DDD44}"
EndProject
Project("{FAE04EC0-301F-11D3-BF4B-00C04F79EFBC}") = "DayFour.Tests.Unit", "tests\unit\DayFour.Tests.Unit\DayFour.Tests.Unit.csproj", "{6768D7D7-F966-421C-BD79-BB70D61666EF}"
EndProject
Project("{FAE04EC0-301F-11D3-BF4B-00C04F79EFBC}") = "DayFour.Tests.Benchmarks", "tests\benchmarks\DayFour.Tests.Benchmarks\DayFour.Tests.Benchmarks.csproj", "{D5C1D911-3AA7-418A-8CDD-920F5CAAC7F9}"
EndProject
Project("{2150E333-8FDC-42A3-9474-1A3956D46DE8}") = "tasks", "tasks", "{7703E83B-89F8-472F-8144-CA7BCC528038}"
	ProjectSection(SolutionItems) = preProject
		docs\tasks\DayFour.md = docs\tasks\DayFour.md
		docs\tasks\DayOne.md = docs\tasks\DayOne.md
		docs\tasks\DayThree.md = docs\tasks\DayThree.md
		docs\tasks\DayTwo.md = docs\tasks\DayTwo.md
		docs\tasks\DayFive.md = docs\tasks\DayFive.md
		docs\tasks\DaySix.md = docs\tasks\DaySix.md
		docs\tasks\DaySeven.md = docs\tasks\DaySeven.md
		docs\tasks\DayEight.md = docs\tasks\DayEight.md
		docs\tasks\DayNine.md = docs\tasks\DayNine.md
	EndProjectSection
EndProject
Project("{2150E333-8FDC-42A3-9474-1A3956D46DE8}") = "results", "results", "{28B3095E-5504-44FD-A721-1BE906F54330}"
	ProjectSection(SolutionItems) = preProject
		docs\results\DayFour.md = docs\results\DayFour.md
		docs\results\DayOne.md = docs\results\DayOne.md
		docs\results\DayThree.md = docs\results\DayThree.md
		docs\results\DayTwo.md = docs\results\DayTwo.md
		docs\results\DayFive.md = docs\results\DayFive.md
		docs\results\DaySix.md = docs\results\DaySix.md
		docs\results\DaySeven.md = docs\results\DaySeven.md
		docs\results\DayEight.md = docs\results\DayEight.md
		docs\results\DayNine.md = docs\results\DayNine.md
	EndProjectSection
EndProject
Project("{2150E333-8FDC-42A3-9474-1A3956D46DE8}") = "assets", "assets", "{716776A1-4C0F-43FF-B2B1-194AAFCC5E0D}"
	ProjectSection(SolutionItems) = preProject
		docs\assets\calendar.png = docs\assets\calendar.png
	EndProjectSection
EndProject
Project("{2150E333-8FDC-42A3-9474-1A3956D46DE8}") = "deps", "deps", "{A1F2BF98-8F52-4CC6-8810-91BC43FCC5FF}"
EndProject
Project("{FAE04EC0-301F-11D3-BF4B-00C04F79EFBC}") = "AdventOfCode.Tasks.Sdk", "deps\AdventOfCode.Tasks.Sdk\AdventOfCode.Tasks.Sdk.csproj", "{7A896471-1474-457C-B171-A8859C110F29}"
EndProject
Project("{FAE04EC0-301F-11D3-BF4B-00C04F79EFBC}") = "Runner", "src\Runner\Runner.csproj", "{EBB7B763-A239-4E05-A6E3-F87E0CCC51DA}"
EndProject
Project("{FAE04EC0-301F-11D3-BF4B-00C04F79EFBC}") = "AdventOfCode.UnitTests.Sdk", "deps\AdventOfCode.UnitTests.Sdk\AdventOfCode.UnitTests.Sdk.csproj", "{122AF291-C468-4A67-91DC-096634075CD0}"
EndProject
Project("{FAE04EC0-301F-11D3-BF4B-00C04F79EFBC}") = "AdventOfCode.Benchmarks.Sdk", "deps\AdventOfCode.Benchmarks.Sdk\AdventOfCode.Benchmarks.Sdk.csproj", "{286BE762-F467-4DF9-BB6A-96469A52E9E3}"
EndProject
Project("{FAE04EC0-301F-11D3-BF4B-00C04F79EFBC}") = "DayFive", "src\DayFive\DayFive.csproj", "{01855B48-54C9-4E0B-B096-8147BAD8FCFC}"
EndProject
Project("{FAE04EC0-301F-11D3-BF4B-00C04F79EFBC}") = "DayFive.Tests.Unit", "tests\unit\DayFive.Tests.Unit\DayFive.Tests.Unit.csproj", "{EA9709C7-1A48-4633-851E-5E1451313EB4}"
EndProject
Project("{FAE04EC0-301F-11D3-BF4B-00C04F79EFBC}") = "DayFive.Tests.Benchmarks", "tests\benchmarks\DayFive.Tests.Benchmarks\DayFive.Tests.Benchmarks.csproj", "{7E150C9F-CBC6-4D26-BFE1-35577E0D596E}"
EndProject
Project("{FAE04EC0-301F-11D3-BF4B-00C04F79EFBC}") = "DaySix", "src\DaySix\DaySix.csproj", "{CCC2EBE2-8229-45F4-A5BF-76D1E29564B3}"
EndProject
Project("{FAE04EC0-301F-11D3-BF4B-00C04F79EFBC}") = "DaySix.Tests.Unit", "tests\unit\DaySix.Tests.Unit\DaySix.Tests.Unit.csproj", "{7F8F58D7-E5ED-40B2-B848-367D3A7CE1BD}"
EndProject
Project("{FAE04EC0-301F-11D3-BF4B-00C04F79EFBC}") = "DaySix.Tests.Benchmarks", "tests\benchmarks\DaySix.Tests.Benchmarks\DaySix.Tests.Benchmarks.csproj", "{9892F859-BA7C-4120-BA47-944FFBD3FA9B}"
EndProject
Project("{FAE04EC0-301F-11D3-BF4B-00C04F79EFBC}") = "DaySeven", "src\DaySeven\DaySeven.csproj", "{19251935-23D4-4001-A20B-DE017657EAB6}"
EndProject
Project("{FAE04EC0-301F-11D3-BF4B-00C04F79EFBC}") = "DaySeven.Tests.Unit", "tests\unit\DaySeven.Tests.Unit\DaySeven.Tests.Unit.csproj", "{8C16381E-F627-4C7E-AC4C-9C7D41386A50}"
EndProject
Project("{FAE04EC0-301F-11D3-BF4B-00C04F79EFBC}") = "DaySeven.Tests.Benchmarks", "tests\benchmarks\DaySeven.Tests.Benchmarks\DaySeven.Tests.Benchmarks.csproj", "{58CB9B1D-527C-4A64-8747-8EA75F08665F}"
EndProject
Project("{FAE04EC0-301F-11D3-BF4B-00C04F79EFBC}") = "DayEight", "src\DayEight\DayEight.csproj", "{7D5D90BB-DB36-4C1B-A609-0C0F975015B8}"
EndProject
Project("{FAE04EC0-301F-11D3-BF4B-00C04F79EFBC}") = "DayEight.Tests.Unit", "tests\unit\DayEight.Tests.Unit\DayEight.Tests.Unit.csproj", "{53D1CA9C-8F0A-44BB-AB4E-6D120E1D9D4C}"
EndProject
Project("{FAE04EC0-301F-11D3-BF4B-00C04F79EFBC}") = "DayEight.Tests.Benchmarks", "tests\benchmarks\DayEight.Tests.Benchmarks\DayEight.Tests.Benchmarks.csproj", "{D0E3E83E-F9B9-4AF4-A111-10468EEEB2A6}"
EndProject
Project("{FAE04EC0-301F-11D3-BF4B-00C04F79EFBC}") = "DayNine", "src\DayNine\DayNine.csproj", "{5D62E09C-9D1F-4C3B-A34F-31A9C4065541}"
EndProject
Project("{FAE04EC0-301F-11D3-BF4B-00C04F79EFBC}") = "DayNine.Tests.Unit", "tests\unit\DayNine.Tests.Unit\DayNine.Tests.Unit.csproj", "{5CDF39BC-6EFF-4B7F-A4B4-0BDC563B2918}"
EndProject
Project("{FAE04EC0-301F-11D3-BF4B-00C04F79EFBC}") = "DayNine.Tests.Benchmarks", "tests\benchmarks\DayNine.Tests.Benchmarks\DayNine.Tests.Benchmarks.csproj", "{5F6C792C-5013-48B1-9892-EFE19B9869DC}"
EndProject
Global
	GlobalSection(SolutionConfigurationPlatforms) = preSolution
		Debug|Any CPU = Debug|Any CPU
		Release|Any CPU = Release|Any CPU
	EndGlobalSection
	GlobalSection(ProjectConfigurationPlatforms) = postSolution
		{DA23EBCC-F8AA-4176-8FFF-41A488EB9E55}.Debug|Any CPU.ActiveCfg = Debug|Any CPU
		{DA23EBCC-F8AA-4176-8FFF-41A488EB9E55}.Debug|Any CPU.Build.0 = Debug|Any CPU
		{DA23EBCC-F8AA-4176-8FFF-41A488EB9E55}.Release|Any CPU.ActiveCfg = Release|Any CPU
		{DA23EBCC-F8AA-4176-8FFF-41A488EB9E55}.Release|Any CPU.Build.0 = Release|Any CPU
		{A7F66047-A88B-4266-8BEC-523DC89705A6}.Debug|Any CPU.ActiveCfg = Debug|Any CPU
		{A7F66047-A88B-4266-8BEC-523DC89705A6}.Debug|Any CPU.Build.0 = Debug|Any CPU
		{A7F66047-A88B-4266-8BEC-523DC89705A6}.Release|Any CPU.ActiveCfg = Release|Any CPU
		{A7F66047-A88B-4266-8BEC-523DC89705A6}.Release|Any CPU.Build.0 = Release|Any CPU
		{E61FCDCE-77EF-48C7-A2E1-A6F2A7EF9149}.Debug|Any CPU.ActiveCfg = Debug|Any CPU
		{E61FCDCE-77EF-48C7-A2E1-A6F2A7EF9149}.Debug|Any CPU.Build.0 = Debug|Any CPU
		{E61FCDCE-77EF-48C7-A2E1-A6F2A7EF9149}.Release|Any CPU.ActiveCfg = Release|Any CPU
		{E61FCDCE-77EF-48C7-A2E1-A6F2A7EF9149}.Release|Any CPU.Build.0 = Release|Any CPU
		{D8E52494-32F8-4161-AC6F-5A08BE509636}.Debug|Any CPU.ActiveCfg = Debug|Any CPU
		{D8E52494-32F8-4161-AC6F-5A08BE509636}.Debug|Any CPU.Build.0 = Debug|Any CPU
		{D8E52494-32F8-4161-AC6F-5A08BE509636}.Release|Any CPU.ActiveCfg = Release|Any CPU
		{D8E52494-32F8-4161-AC6F-5A08BE509636}.Release|Any CPU.Build.0 = Release|Any CPU
		{EED150BA-BE72-470A-9DE6-24C10A8311E8}.Debug|Any CPU.ActiveCfg = Debug|Any CPU
		{EED150BA-BE72-470A-9DE6-24C10A8311E8}.Debug|Any CPU.Build.0 = Debug|Any CPU
		{EED150BA-BE72-470A-9DE6-24C10A8311E8}.Release|Any CPU.ActiveCfg = Release|Any CPU
		{EED150BA-BE72-470A-9DE6-24C10A8311E8}.Release|Any CPU.Build.0 = Release|Any CPU
		{F4F16A4F-2C87-4F79-AB53-C59E75A210E8}.Debug|Any CPU.ActiveCfg = Debug|Any CPU
		{F4F16A4F-2C87-4F79-AB53-C59E75A210E8}.Debug|Any CPU.Build.0 = Debug|Any CPU
		{F4F16A4F-2C87-4F79-AB53-C59E75A210E8}.Release|Any CPU.ActiveCfg = Release|Any CPU
		{F4F16A4F-2C87-4F79-AB53-C59E75A210E8}.Release|Any CPU.Build.0 = Release|Any CPU
		{CB80638E-2B95-49A7-8499-962128F60B7F}.Debug|Any CPU.ActiveCfg = Debug|Any CPU
		{CB80638E-2B95-49A7-8499-962128F60B7F}.Debug|Any CPU.Build.0 = Debug|Any CPU
		{CB80638E-2B95-49A7-8499-962128F60B7F}.Release|Any CPU.ActiveCfg = Release|Any CPU
		{CB80638E-2B95-49A7-8499-962128F60B7F}.Release|Any CPU.Build.0 = Release|Any CPU
		{BF52FF7C-78A5-46F9-BCE6-23062844BF4E}.Debug|Any CPU.ActiveCfg = Debug|Any CPU
		{BF52FF7C-78A5-46F9-BCE6-23062844BF4E}.Debug|Any CPU.Build.0 = Debug|Any CPU
		{BF52FF7C-78A5-46F9-BCE6-23062844BF4E}.Release|Any CPU.ActiveCfg = Release|Any CPU
		{BF52FF7C-78A5-46F9-BCE6-23062844BF4E}.Release|Any CPU.Build.0 = Release|Any CPU
		{68F7B535-3C5D-4229-9DB6-52CFA04B40C5}.Debug|Any CPU.ActiveCfg = Debug|Any CPU
		{68F7B535-3C5D-4229-9DB6-52CFA04B40C5}.Debug|Any CPU.Build.0 = Debug|Any CPU
		{68F7B535-3C5D-4229-9DB6-52CFA04B40C5}.Release|Any CPU.ActiveCfg = Release|Any CPU
		{68F7B535-3C5D-4229-9DB6-52CFA04B40C5}.Release|Any CPU.Build.0 = Release|Any CPU
		{FE2ECADF-5EB3-4029-B9A4-F878A81DDD44}.Debug|Any CPU.ActiveCfg = Debug|Any CPU
		{FE2ECADF-5EB3-4029-B9A4-F878A81DDD44}.Debug|Any CPU.Build.0 = Debug|Any CPU
		{FE2ECADF-5EB3-4029-B9A4-F878A81DDD44}.Release|Any CPU.ActiveCfg = Release|Any CPU
		{FE2ECADF-5EB3-4029-B9A4-F878A81DDD44}.Release|Any CPU.Build.0 = Release|Any CPU
		{6768D7D7-F966-421C-BD79-BB70D61666EF}.Debug|Any CPU.ActiveCfg = Debug|Any CPU
		{6768D7D7-F966-421C-BD79-BB70D61666EF}.Debug|Any CPU.Build.0 = Debug|Any CPU
		{6768D7D7-F966-421C-BD79-BB70D61666EF}.Release|Any CPU.ActiveCfg = Release|Any CPU
		{6768D7D7-F966-421C-BD79-BB70D61666EF}.Release|Any CPU.Build.0 = Release|Any CPU
		{D5C1D911-3AA7-418A-8CDD-920F5CAAC7F9}.Debug|Any CPU.ActiveCfg = Debug|Any CPU
		{D5C1D911-3AA7-418A-8CDD-920F5CAAC7F9}.Debug|Any CPU.Build.0 = Debug|Any CPU
		{D5C1D911-3AA7-418A-8CDD-920F5CAAC7F9}.Release|Any CPU.ActiveCfg = Release|Any CPU
		{D5C1D911-3AA7-418A-8CDD-920F5CAAC7F9}.Release|Any CPU.Build.0 = Release|Any CPU
		{7A896471-1474-457C-B171-A8859C110F29}.Debug|Any CPU.ActiveCfg = Debug|Any CPU
		{7A896471-1474-457C-B171-A8859C110F29}.Debug|Any CPU.Build.0 = Debug|Any CPU
		{7A896471-1474-457C-B171-A8859C110F29}.Release|Any CPU.ActiveCfg = Release|Any CPU
		{7A896471-1474-457C-B171-A8859C110F29}.Release|Any CPU.Build.0 = Release|Any CPU
		{EBB7B763-A239-4E05-A6E3-F87E0CCC51DA}.Debug|Any CPU.ActiveCfg = Debug|Any CPU
		{EBB7B763-A239-4E05-A6E3-F87E0CCC51DA}.Debug|Any CPU.Build.0 = Debug|Any CPU
		{EBB7B763-A239-4E05-A6E3-F87E0CCC51DA}.Release|Any CPU.ActiveCfg = Release|Any CPU
		{EBB7B763-A239-4E05-A6E3-F87E0CCC51DA}.Release|Any CPU.Build.0 = Release|Any CPU
		{122AF291-C468-4A67-91DC-096634075CD0}.Debug|Any CPU.ActiveCfg = Debug|Any CPU
		{122AF291-C468-4A67-91DC-096634075CD0}.Debug|Any CPU.Build.0 = Debug|Any CPU
		{122AF291-C468-4A67-91DC-096634075CD0}.Release|Any CPU.ActiveCfg = Release|Any CPU
		{122AF291-C468-4A67-91DC-096634075CD0}.Release|Any CPU.Build.0 = Release|Any CPU
		{286BE762-F467-4DF9-BB6A-96469A52E9E3}.Debug|Any CPU.ActiveCfg = Debug|Any CPU
		{286BE762-F467-4DF9-BB6A-96469A52E9E3}.Debug|Any CPU.Build.0 = Debug|Any CPU
		{286BE762-F467-4DF9-BB6A-96469A52E9E3}.Release|Any CPU.ActiveCfg = Release|Any CPU
		{286BE762-F467-4DF9-BB6A-96469A52E9E3}.Release|Any CPU.Build.0 = Release|Any CPU
		{01855B48-54C9-4E0B-B096-8147BAD8FCFC}.Debug|Any CPU.ActiveCfg = Debug|Any CPU
		{01855B48-54C9-4E0B-B096-8147BAD8FCFC}.Debug|Any CPU.Build.0 = Debug|Any CPU
		{01855B48-54C9-4E0B-B096-8147BAD8FCFC}.Release|Any CPU.ActiveCfg = Release|Any CPU
		{01855B48-54C9-4E0B-B096-8147BAD8FCFC}.Release|Any CPU.Build.0 = Release|Any CPU
		{EA9709C7-1A48-4633-851E-5E1451313EB4}.Debug|Any CPU.ActiveCfg = Debug|Any CPU
		{EA9709C7-1A48-4633-851E-5E1451313EB4}.Debug|Any CPU.Build.0 = Debug|Any CPU
		{EA9709C7-1A48-4633-851E-5E1451313EB4}.Release|Any CPU.ActiveCfg = Release|Any CPU
		{EA9709C7-1A48-4633-851E-5E1451313EB4}.Release|Any CPU.Build.0 = Release|Any CPU
		{7E150C9F-CBC6-4D26-BFE1-35577E0D596E}.Debug|Any CPU.ActiveCfg = Debug|Any CPU
		{7E150C9F-CBC6-4D26-BFE1-35577E0D596E}.Debug|Any CPU.Build.0 = Debug|Any CPU
		{7E150C9F-CBC6-4D26-BFE1-35577E0D596E}.Release|Any CPU.ActiveCfg = Release|Any CPU
		{7E150C9F-CBC6-4D26-BFE1-35577E0D596E}.Release|Any CPU.Build.0 = Release|Any CPU
		{CCC2EBE2-8229-45F4-A5BF-76D1E29564B3}.Debug|Any CPU.ActiveCfg = Debug|Any CPU
		{CCC2EBE2-8229-45F4-A5BF-76D1E29564B3}.Debug|Any CPU.Build.0 = Debug|Any CPU
		{CCC2EBE2-8229-45F4-A5BF-76D1E29564B3}.Release|Any CPU.ActiveCfg = Release|Any CPU
		{CCC2EBE2-8229-45F4-A5BF-76D1E29564B3}.Release|Any CPU.Build.0 = Release|Any CPU
		{7F8F58D7-E5ED-40B2-B848-367D3A7CE1BD}.Debug|Any CPU.ActiveCfg = Debug|Any CPU
		{7F8F58D7-E5ED-40B2-B848-367D3A7CE1BD}.Debug|Any CPU.Build.0 = Debug|Any CPU
		{7F8F58D7-E5ED-40B2-B848-367D3A7CE1BD}.Release|Any CPU.ActiveCfg = Release|Any CPU
		{7F8F58D7-E5ED-40B2-B848-367D3A7CE1BD}.Release|Any CPU.Build.0 = Release|Any CPU
		{9892F859-BA7C-4120-BA47-944FFBD3FA9B}.Debug|Any CPU.ActiveCfg = Debug|Any CPU
		{9892F859-BA7C-4120-BA47-944FFBD3FA9B}.Debug|Any CPU.Build.0 = Debug|Any CPU
		{9892F859-BA7C-4120-BA47-944FFBD3FA9B}.Release|Any CPU.ActiveCfg = Release|Any CPU
		{9892F859-BA7C-4120-BA47-944FFBD3FA9B}.Release|Any CPU.Build.0 = Release|Any CPU
		{19251935-23D4-4001-A20B-DE017657EAB6}.Debug|Any CPU.ActiveCfg = Debug|Any CPU
		{19251935-23D4-4001-A20B-DE017657EAB6}.Debug|Any CPU.Build.0 = Debug|Any CPU
		{19251935-23D4-4001-A20B-DE017657EAB6}.Release|Any CPU.ActiveCfg = Release|Any CPU
		{19251935-23D4-4001-A20B-DE017657EAB6}.Release|Any CPU.Build.0 = Release|Any CPU
		{8C16381E-F627-4C7E-AC4C-9C7D41386A50}.Debug|Any CPU.ActiveCfg = Debug|Any CPU
		{8C16381E-F627-4C7E-AC4C-9C7D41386A50}.Debug|Any CPU.Build.0 = Debug|Any CPU
		{8C16381E-F627-4C7E-AC4C-9C7D41386A50}.Release|Any CPU.ActiveCfg = Release|Any CPU
		{8C16381E-F627-4C7E-AC4C-9C7D41386A50}.Release|Any CPU.Build.0 = Release|Any CPU
		{58CB9B1D-527C-4A64-8747-8EA75F08665F}.Debug|Any CPU.ActiveCfg = Debug|Any CPU
		{58CB9B1D-527C-4A64-8747-8EA75F08665F}.Debug|Any CPU.Build.0 = Debug|Any CPU
		{58CB9B1D-527C-4A64-8747-8EA75F08665F}.Release|Any CPU.ActiveCfg = Release|Any CPU
		{58CB9B1D-527C-4A64-8747-8EA75F08665F}.Release|Any CPU.Build.0 = Release|Any CPU
		{7D5D90BB-DB36-4C1B-A609-0C0F975015B8}.Debug|Any CPU.ActiveCfg = Debug|Any CPU
		{7D5D90BB-DB36-4C1B-A609-0C0F975015B8}.Debug|Any CPU.Build.0 = Debug|Any CPU
		{7D5D90BB-DB36-4C1B-A609-0C0F975015B8}.Release|Any CPU.ActiveCfg = Release|Any CPU
		{7D5D90BB-DB36-4C1B-A609-0C0F975015B8}.Release|Any CPU.Build.0 = Release|Any CPU
		{53D1CA9C-8F0A-44BB-AB4E-6D120E1D9D4C}.Debug|Any CPU.ActiveCfg = Debug|Any CPU
		{53D1CA9C-8F0A-44BB-AB4E-6D120E1D9D4C}.Debug|Any CPU.Build.0 = Debug|Any CPU
		{53D1CA9C-8F0A-44BB-AB4E-6D120E1D9D4C}.Release|Any CPU.ActiveCfg = Release|Any CPU
		{53D1CA9C-8F0A-44BB-AB4E-6D120E1D9D4C}.Release|Any CPU.Build.0 = Release|Any CPU
		{D0E3E83E-F9B9-4AF4-A111-10468EEEB2A6}.Debug|Any CPU.ActiveCfg = Debug|Any CPU
		{D0E3E83E-F9B9-4AF4-A111-10468EEEB2A6}.Debug|Any CPU.Build.0 = Debug|Any CPU
		{D0E3E83E-F9B9-4AF4-A111-10468EEEB2A6}.Release|Any CPU.ActiveCfg = Release|Any CPU
		{D0E3E83E-F9B9-4AF4-A111-10468EEEB2A6}.Release|Any CPU.Build.0 = Release|Any CPU
		{5D62E09C-9D1F-4C3B-A34F-31A9C4065541}.Debug|Any CPU.ActiveCfg = Debug|Any CPU
		{5D62E09C-9D1F-4C3B-A34F-31A9C4065541}.Debug|Any CPU.Build.0 = Debug|Any CPU
		{5D62E09C-9D1F-4C3B-A34F-31A9C4065541}.Release|Any CPU.ActiveCfg = Release|Any CPU
		{5D62E09C-9D1F-4C3B-A34F-31A9C4065541}.Release|Any CPU.Build.0 = Release|Any CPU
		{5CDF39BC-6EFF-4B7F-A4B4-0BDC563B2918}.Debug|Any CPU.ActiveCfg = Debug|Any CPU
		{5CDF39BC-6EFF-4B7F-A4B4-0BDC563B2918}.Debug|Any CPU.Build.0 = Debug|Any CPU
		{5CDF39BC-6EFF-4B7F-A4B4-0BDC563B2918}.Release|Any CPU.ActiveCfg = Release|Any CPU
		{5CDF39BC-6EFF-4B7F-A4B4-0BDC563B2918}.Release|Any CPU.Build.0 = Release|Any CPU
		{5F6C792C-5013-48B1-9892-EFE19B9869DC}.Debug|Any CPU.ActiveCfg = Debug|Any CPU
		{5F6C792C-5013-48B1-9892-EFE19B9869DC}.Debug|Any CPU.Build.0 = Debug|Any CPU
		{5F6C792C-5013-48B1-9892-EFE19B9869DC}.Release|Any CPU.ActiveCfg = Release|Any CPU
		{5F6C792C-5013-48B1-9892-EFE19B9869DC}.Release|Any CPU.Build.0 = Release|Any CPU
	EndGlobalSection
	GlobalSection(NestedProjects) = preSolution
		{DA23EBCC-F8AA-4176-8FFF-41A488EB9E55} = {370DF490-AA80-48D5-BBFB-C8FC81C626DA}
		{8E326F26-C854-4E51-A66B-140CAAA05417} = {D81C9A65-19B7-40A7-A8AE-4D59A1035647}
		{A7F66047-A88B-4266-8BEC-523DC89705A6} = {8E326F26-C854-4E51-A66B-140CAAA05417}
		{2BA83DD6-C344-4E18-9B9D-D8022C06B42D} = {D81C9A65-19B7-40A7-A8AE-4D59A1035647}
		{E61FCDCE-77EF-48C7-A2E1-A6F2A7EF9149} = {2BA83DD6-C344-4E18-9B9D-D8022C06B42D}
		{D8E52494-32F8-4161-AC6F-5A08BE509636} = {370DF490-AA80-48D5-BBFB-C8FC81C626DA}
		{EED150BA-BE72-470A-9DE6-24C10A8311E8} = {8E326F26-C854-4E51-A66B-140CAAA05417}
		{F4F16A4F-2C87-4F79-AB53-C59E75A210E8} = {2BA83DD6-C344-4E18-9B9D-D8022C06B42D}
		{CB80638E-2B95-49A7-8499-962128F60B7F} = {370DF490-AA80-48D5-BBFB-C8FC81C626DA}
		{BF52FF7C-78A5-46F9-BCE6-23062844BF4E} = {2BA83DD6-C344-4E18-9B9D-D8022C06B42D}
		{68F7B535-3C5D-4229-9DB6-52CFA04B40C5} = {8E326F26-C854-4E51-A66B-140CAAA05417}
		{FE2ECADF-5EB3-4029-B9A4-F878A81DDD44} = {370DF490-AA80-48D5-BBFB-C8FC81C626DA}
		{6768D7D7-F966-421C-BD79-BB70D61666EF} = {2BA83DD6-C344-4E18-9B9D-D8022C06B42D}
		{D5C1D911-3AA7-418A-8CDD-920F5CAAC7F9} = {8E326F26-C854-4E51-A66B-140CAAA05417}
		{7703E83B-89F8-472F-8144-CA7BCC528038} = {40DF1A33-9995-49FA-970F-AE4991962E35}
		{28B3095E-5504-44FD-A721-1BE906F54330} = {40DF1A33-9995-49FA-970F-AE4991962E35}
		{716776A1-4C0F-43FF-B2B1-194AAFCC5E0D} = {40DF1A33-9995-49FA-970F-AE4991962E35}
		{7A896471-1474-457C-B171-A8859C110F29} = {A1F2BF98-8F52-4CC6-8810-91BC43FCC5FF}
		{EBB7B763-A239-4E05-A6E3-F87E0CCC51DA} = {370DF490-AA80-48D5-BBFB-C8FC81C626DA}
		{122AF291-C468-4A67-91DC-096634075CD0} = {A1F2BF98-8F52-4CC6-8810-91BC43FCC5FF}
		{286BE762-F467-4DF9-BB6A-96469A52E9E3} = {A1F2BF98-8F52-4CC6-8810-91BC43FCC5FF}
		{01855B48-54C9-4E0B-B096-8147BAD8FCFC} = {370DF490-AA80-48D5-BBFB-C8FC81C626DA}
		{EA9709C7-1A48-4633-851E-5E1451313EB4} = {2BA83DD6-C344-4E18-9B9D-D8022C06B42D}
		{7E150C9F-CBC6-4D26-BFE1-35577E0D596E} = {8E326F26-C854-4E51-A66B-140CAAA05417}
		{CCC2EBE2-8229-45F4-A5BF-76D1E29564B3} = {370DF490-AA80-48D5-BBFB-C8FC81C626DA}
		{7F8F58D7-E5ED-40B2-B848-367D3A7CE1BD} = {2BA83DD6-C344-4E18-9B9D-D8022C06B42D}
		{9892F859-BA7C-4120-BA47-944FFBD3FA9B} = {8E326F26-C854-4E51-A66B-140CAAA05417}
		{19251935-23D4-4001-A20B-DE017657EAB6} = {370DF490-AA80-48D5-BBFB-C8FC81C626DA}
		{8C16381E-F627-4C7E-AC4C-9C7D41386A50} = {2BA83DD6-C344-4E18-9B9D-D8022C06B42D}
		{58CB9B1D-527C-4A64-8747-8EA75F08665F} = {8E326F26-C854-4E51-A66B-140CAAA05417}
		{7D5D90BB-DB36-4C1B-A609-0C0F975015B8} = {370DF490-AA80-48D5-BBFB-C8FC81C626DA}
		{53D1CA9C-8F0A-44BB-AB4E-6D120E1D9D4C} = {2BA83DD6-C344-4E18-9B9D-D8022C06B42D}
		{D0E3E83E-F9B9-4AF4-A111-10468EEEB2A6} = {8E326F26-C854-4E51-A66B-140CAAA05417}
		{5D62E09C-9D1F-4C3B-A34F-31A9C4065541} = {370DF490-AA80-48D5-BBFB-C8FC81C626DA}
		{5CDF39BC-6EFF-4B7F-A4B4-0BDC563B2918} = {2BA83DD6-C344-4E18-9B9D-D8022C06B42D}
		{5F6C792C-5013-48B1-9892-EFE19B9869DC} = {8E326F26-C854-4E51-A66B-140CAAA05417}
	EndGlobalSection
EndGlobal
